// !$*UTF8*$!
{
	archiveVersion = 1;
	classes = {
	};
	objectVersion = 77;
	objects = {

/* Begin PBXBuildFile section */
		2EB4D9502DB7EDE7000A8FCF /* FirebaseAuth in Frameworks */ = {isa = PBXBuildFile; productRef = 2EB4D94F2DB7EDE7000A8FCF /* FirebaseAuth */; };
		2EB4D9522DB7EDE7000A8FCF /* FirebaseCore in Frameworks */ = {isa = PBXBuildFile; productRef = 2EB4D9512DB7EDE7000A8FCF /* FirebaseCore */; };
		2EB4D9542DB7EDE7000A8FCF /* FirebaseDatabase in Frameworks */ = {isa = PBXBuildFile; productRef = 2EB4D9532DB7EDE7000A8FCF /* FirebaseDatabase */; };
		2EB4D9562DB7EDE7000A8FCF /* FirebaseFirestore in Frameworks */ = {isa = PBXBuildFile; productRef = 2EB4D9552DB7EDE7000A8FCF /* FirebaseFirestore */; };
/* End PBXBuildFile section */

/* Begin PBXContainerItemProxy section */
		9963C9802D73D26E0015F833 /* PBXContainerItemProxy */ = {
			isa = PBXContainerItemProxy;
			containerPortal = 9963C95E2D73D26D0015F833 /* Project object */;
			proxyType = 1;
			remoteGlobalIDString = 9963C9652D73D26D0015F833;
			remoteInfo = DecagonsTower;
		};
		9963C98A2D73D26E0015F833 /* PBXContainerItemProxy */ = {
			isa = PBXContainerItemProxy;
			containerPortal = 9963C95E2D73D26D0015F833 /* Project object */;
			proxyType = 1;
			remoteGlobalIDString = 9963C9652D73D26D0015F833;
			remoteInfo = DecagonsTower;
		};
/* End PBXContainerItemProxy section */

/* Begin PBXFileReference section */
		9963C9662D73D26D0015F833 /* DecagonsTower.app */ = {isa = PBXFileReference; explicitFileType = wrapper.application; includeInIndex = 0; path = DecagonsTower.app; sourceTree = BUILT_PRODUCTS_DIR; };
		9963C97F2D73D26E0015F833 /* DecagonsTowerTests.xctest */ = {isa = PBXFileReference; explicitFileType = wrapper.cfbundle; includeInIndex = 0; path = DecagonsTowerTests.xctest; sourceTree = BUILT_PRODUCTS_DIR; };
		9963C9892D73D26E0015F833 /* DecagonsTowerUITests.xctest */ = {isa = PBXFileReference; explicitFileType = wrapper.cfbundle; includeInIndex = 0; path = DecagonsTowerUITests.xctest; sourceTree = BUILT_PRODUCTS_DIR; };
/* End PBXFileReference section */

/* Begin PBXFileSystemSynchronizedBuildFileExceptionSet section */
		2E7B5F212DA103FA00BF14B7 /* Exceptions for "DecagonsTower" folder in "DecagonsTower" target */ = {
			isa = PBXFileSystemSynchronizedBuildFileExceptionSet;
			platformFiltersByRelativePath = {
				GameScene.swift = (ios, );
			};
			target = 9963C9652D73D26D0015F833 /* DecagonsTower */;
		};
		2E7B5F242DA1040300BF14B7 /* Exceptions for "DecagonsTower" folder in "DecagonsTowerTests" target */ = {
			isa = PBXFileSystemSynchronizedBuildFileExceptionSet;
			membershipExceptions = (
				GameScene.swift,
			);
			target = 9963C97E2D73D26E0015F833 /* DecagonsTowerTests */;
		};
		2E7B5F252DA1040300BF14B7 /* Exceptions for "DecagonsTower" folder in "DecagonsTowerUITests" target */ = {
			isa = PBXFileSystemSynchronizedBuildFileExceptionSet;
			membershipExceptions = (
				GameScene.swift,
			);
			target = 9963C9882D73D26E0015F833 /* DecagonsTowerUITests */;
		};
/* End PBXFileSystemSynchronizedBuildFileExceptionSet section */

/* Begin PBXFileSystemSynchronizedRootGroup section */
		9963C9682D73D26D0015F833 /* DecagonsTower */ = {
			isa = PBXFileSystemSynchronizedRootGroup;
			exceptions = (
				2E7B5F212DA103FA00BF14B7 /* Exceptions for "DecagonsTower" folder in "DecagonsTower" target */,
				2E7B5F242DA1040300BF14B7 /* Exceptions for "DecagonsTower" folder in "DecagonsTowerTests" target */,
				2E7B5F252DA1040300BF14B7 /* Exceptions for "DecagonsTower" folder in "DecagonsTowerUITests" target */,
			);
			path = DecagonsTower;
			sourceTree = "<group>";
		};
		9963C9822D73D26E0015F833 /* DecagonsTowerTests */ = {
			isa = PBXFileSystemSynchronizedRootGroup;
			path = DecagonsTowerTests;
			sourceTree = "<group>";
		};
		9963C98C2D73D26E0015F833 /* DecagonsTowerUITests */ = {
			isa = PBXFileSystemSynchronizedRootGroup;
			path = DecagonsTowerUITests;
			sourceTree = "<group>";
		};
/* End PBXFileSystemSynchronizedRootGroup section */

/* Begin PBXFrameworksBuildPhase section */
		9963C9632D73D26D0015F833 /* Frameworks */ = {
			isa = PBXFrameworksBuildPhase;
			buildActionMask = 2147483647;
			files = (
				2EB4D9542DB7EDE7000A8FCF /* FirebaseDatabase in Frameworks */,
				2EB4D9562DB7EDE7000A8FCF /* FirebaseFirestore in Frameworks */,
				2EB4D9522DB7EDE7000A8FCF /* FirebaseCore in Frameworks */,
				2EB4D9502DB7EDE7000A8FCF /* FirebaseAuth in Frameworks */,
			);
			runOnlyForDeploymentPostprocessing = 0;
		};
		9963C97C2D73D26E0015F833 /* Frameworks */ = {
			isa = PBXFrameworksBuildPhase;
			buildActionMask = 2147483647;
			files = (
			);
			runOnlyForDeploymentPostprocessing = 0;
		};
		9963C9862D73D26E0015F833 /* Frameworks */ = {
			isa = PBXFrameworksBuildPhase;
			buildActionMask = 2147483647;
			files = (
			);
			runOnlyForDeploymentPostprocessing = 0;
		};
/* End PBXFrameworksBuildPhase section */

/* Begin PBXGroup section */
		9963C95D2D73D26D0015F833 = {
			isa = PBXGroup;
			children = (
				9963C9682D73D26D0015F833 /* DecagonsTower */,
				9963C9822D73D26E0015F833 /* DecagonsTowerTests */,
				9963C98C2D73D26E0015F833 /* DecagonsTowerUITests */,
				9963C9672D73D26D0015F833 /* Products */,
			);
			sourceTree = "<group>";
		};
		9963C9672D73D26D0015F833 /* Products */ = {
			isa = PBXGroup;
			children = (
				9963C9662D73D26D0015F833 /* DecagonsTower.app */,
				9963C97F2D73D26E0015F833 /* DecagonsTowerTests.xctest */,
				9963C9892D73D26E0015F833 /* DecagonsTowerUITests.xctest */,
			);
			name = Products;
			sourceTree = "<group>";
		};
/* End PBXGroup section */

/* Begin PBXNativeTarget section */
		9963C9652D73D26D0015F833 /* DecagonsTower */ = {
			isa = PBXNativeTarget;
			buildConfigurationList = 9963C9932D73D26E0015F833 /* Build configuration list for PBXNativeTarget "DecagonsTower" */;
			buildPhases = (
				9963C9622D73D26D0015F833 /* Sources */,
				9963C9632D73D26D0015F833 /* Frameworks */,
				9963C9642D73D26D0015F833 /* Resources */,
			);
			buildRules = (
			);
			dependencies = (
			);
			fileSystemSynchronizedGroups = (
				9963C9682D73D26D0015F833 /* DecagonsTower */,
			);
			name = DecagonsTower;
			packageProductDependencies = (
				2EB4D94F2DB7EDE7000A8FCF /* FirebaseAuth */,
				2EB4D9512DB7EDE7000A8FCF /* FirebaseCore */,
				2EB4D9532DB7EDE7000A8FCF /* FirebaseDatabase */,
				2EB4D9552DB7EDE7000A8FCF /* FirebaseFirestore */,
			);
			productName = DecagonsTower;
			productReference = 9963C9662D73D26D0015F833 /* DecagonsTower.app */;
			productType = "com.apple.product-type.application";
		};
		9963C97E2D73D26E0015F833 /* DecagonsTowerTests */ = {
			isa = PBXNativeTarget;
			buildConfigurationList = 9963C9962D73D26E0015F833 /* Build configuration list for PBXNativeTarget "DecagonsTowerTests" */;
			buildPhases = (
				9963C97B2D73D26E0015F833 /* Sources */,
				9963C97C2D73D26E0015F833 /* Frameworks */,
				9963C97D2D73D26E0015F833 /* Resources */,
			);
			buildRules = (
			);
			dependencies = (
				9963C9812D73D26E0015F833 /* PBXTargetDependency */,
			);
			fileSystemSynchronizedGroups = (
				9963C9822D73D26E0015F833 /* DecagonsTowerTests */,
			);
			name = DecagonsTowerTests;
			packageProductDependencies = (
			);
			productName = DecagonsTowerTests;
			productReference = 9963C97F2D73D26E0015F833 /* DecagonsTowerTests.xctest */;
			productType = "com.apple.product-type.bundle.unit-test";
		};
		9963C9882D73D26E0015F833 /* DecagonsTowerUITests */ = {
			isa = PBXNativeTarget;
			buildConfigurationList = 9963C9992D73D26E0015F833 /* Build configuration list for PBXNativeTarget "DecagonsTowerUITests" */;
			buildPhases = (
				9963C9852D73D26E0015F833 /* Sources */,
				9963C9862D73D26E0015F833 /* Frameworks */,
				9963C9872D73D26E0015F833 /* Resources */,
			);
			buildRules = (
			);
			dependencies = (
				9963C98B2D73D26E0015F833 /* PBXTargetDependency */,
			);
			fileSystemSynchronizedGroups = (
				9963C98C2D73D26E0015F833 /* DecagonsTowerUITests */,
			);
			name = DecagonsTowerUITests;
			packageProductDependencies = (
			);
			productName = DecagonsTowerUITests;
			productReference = 9963C9892D73D26E0015F833 /* DecagonsTowerUITests.xctest */;
			productType = "com.apple.product-type.bundle.ui-testing";
		};
/* End PBXNativeTarget section */

/* Begin PBXProject section */
		9963C95E2D73D26D0015F833 /* Project object */ = {
			isa = PBXProject;
			attributes = {
				BuildIndependentTargetsInParallel = 1;
				LastSwiftUpdateCheck = 1620;
				LastUpgradeCheck = 1620;
				TargetAttributes = {
					9963C9652D73D26D0015F833 = {
						CreatedOnToolsVersion = 16.2;
					};
					9963C97E2D73D26E0015F833 = {
						CreatedOnToolsVersion = 16.2;
						TestTargetID = 9963C9652D73D26D0015F833;
					};
					9963C9882D73D26E0015F833 = {
						CreatedOnToolsVersion = 16.2;
						TestTargetID = 9963C9652D73D26D0015F833;
					};
				};
			};
			buildConfigurationList = 9963C9612D73D26D0015F833 /* Build configuration list for PBXProject "DecagonsTower" */;
			developmentRegion = en;
			hasScannedForEncodings = 0;
			knownRegions = (
				en,
				Base,
			);
			mainGroup = 9963C95D2D73D26D0015F833;
			minimizedProjectReferenceProxies = 1;
			packageReferences = (
				2EB4D94E2DB7EDE7000A8FCF /* XCRemoteSwiftPackageReference "firebase-ios-sdk" */,
			);
			preferredProjectObjectVersion = 77;
			productRefGroup = 9963C9672D73D26D0015F833 /* Products */;
			projectDirPath = "";
			projectRoot = "";
			targets = (
				9963C9652D73D26D0015F833 /* DecagonsTower */,
				9963C97E2D73D26E0015F833 /* DecagonsTowerTests */,
				9963C9882D73D26E0015F833 /* DecagonsTowerUITests */,
			);
		};
/* End PBXProject section */

/* Begin PBXResourcesBuildPhase section */
		9963C9642D73D26D0015F833 /* Resources */ = {
			isa = PBXResourcesBuildPhase;
			buildActionMask = 2147483647;
			files = (
			);
			runOnlyForDeploymentPostprocessing = 0;
		};
		9963C97D2D73D26E0015F833 /* Resources */ = {
			isa = PBXResourcesBuildPhase;
			buildActionMask = 2147483647;
			files = (
			);
			runOnlyForDeploymentPostprocessing = 0;
		};
		9963C9872D73D26E0015F833 /* Resources */ = {
			isa = PBXResourcesBuildPhase;
			buildActionMask = 2147483647;
			files = (
			);
			runOnlyForDeploymentPostprocessing = 0;
		};
/* End PBXResourcesBuildPhase section */

/* Begin PBXSourcesBuildPhase section */
		9963C9622D73D26D0015F833 /* Sources */ = {
			isa = PBXSourcesBuildPhase;
			buildActionMask = 2147483647;
			files = (
			);
			runOnlyForDeploymentPostprocessing = 0;
		};
		9963C97B2D73D26E0015F833 /* Sources */ = {
			isa = PBXSourcesBuildPhase;
			buildActionMask = 2147483647;
			files = (
			);
			runOnlyForDeploymentPostprocessing = 0;
		};
		9963C9852D73D26E0015F833 /* Sources */ = {
			isa = PBXSourcesBuildPhase;
			buildActionMask = 2147483647;
			files = (
			);
			runOnlyForDeploymentPostprocessing = 0;
		};
/* End PBXSourcesBuildPhase section */

/* Begin PBXTargetDependency section */
		9963C9812D73D26E0015F833 /* PBXTargetDependency */ = {
			isa = PBXTargetDependency;
			target = 9963C9652D73D26D0015F833 /* DecagonsTower */;
			targetProxy = 9963C9802D73D26E0015F833 /* PBXContainerItemProxy */;
		};
		9963C98B2D73D26E0015F833 /* PBXTargetDependency */ = {
			isa = PBXTargetDependency;
			target = 9963C9652D73D26D0015F833 /* DecagonsTower */;
			targetProxy = 9963C98A2D73D26E0015F833 /* PBXContainerItemProxy */;
		};
/* End PBXTargetDependency section */

/* Begin XCBuildConfiguration section */
		9963C9912D73D26E0015F833 /* Debug */ = {
			isa = XCBuildConfiguration;
			buildSettings = {
				ALWAYS_SEARCH_USER_PATHS = NO;
				ASSETCATALOG_COMPILER_GENERATE_SWIFT_ASSET_SYMBOL_EXTENSIONS = YES;
				CLANG_ANALYZER_NONNULL = YES;
				CLANG_ANALYZER_NUMBER_OBJECT_CONVERSION = YES_AGGRESSIVE;
				CLANG_CXX_LANGUAGE_STANDARD = "gnu++20";
				CLANG_ENABLE_MODULES = YES;
				CLANG_ENABLE_OBJC_ARC = YES;
				CLANG_ENABLE_OBJC_WEAK = YES;
				CLANG_WARN_BLOCK_CAPTURE_AUTORELEASING = YES;
				CLANG_WARN_BOOL_CONVERSION = YES;
				CLANG_WARN_COMMA = YES;
				CLANG_WARN_CONSTANT_CONVERSION = YES;
				CLANG_WARN_DEPRECATED_OBJC_IMPLEMENTATIONS = YES;
				CLANG_WARN_DIRECT_OBJC_ISA_USAGE = YES_ERROR;
				CLANG_WARN_DOCUMENTATION_COMMENTS = YES;
				CLANG_WARN_EMPTY_BODY = YES;
				CLANG_WARN_ENUM_CONVERSION = YES;
				CLANG_WARN_INFINITE_RECURSION = YES;
				CLANG_WARN_INT_CONVERSION = YES;
				CLANG_WARN_NON_LITERAL_NULL_CONVERSION = YES;
				CLANG_WARN_OBJC_IMPLICIT_RETAIN_SELF = YES;
				CLANG_WARN_OBJC_LITERAL_CONVERSION = YES;
				CLANG_WARN_OBJC_ROOT_CLASS = YES_ERROR;
				CLANG_WARN_QUOTED_INCLUDE_IN_FRAMEWORK_HEADER = YES;
				CLANG_WARN_RANGE_LOOP_ANALYSIS = YES;
				CLANG_WARN_STRICT_PROTOTYPES = YES;
				CLANG_WARN_SUSPICIOUS_MOVE = YES;
				CLANG_WARN_UNGUARDED_AVAILABILITY = YES_AGGRESSIVE;
				CLANG_WARN_UNREACHABLE_CODE = YES;
				CLANG_WARN__DUPLICATE_METHOD_MATCH = YES;
				COPY_PHASE_STRIP = NO;
				DEBUG_INFORMATION_FORMAT = dwarf;
				ENABLE_STRICT_OBJC_MSGSEND = YES;
				ENABLE_TESTABILITY = YES;
				ENABLE_USER_SCRIPT_SANDBOXING = YES;
				GCC_C_LANGUAGE_STANDARD = gnu17;
				GCC_DYNAMIC_NO_PIC = NO;
				GCC_NO_COMMON_BLOCKS = YES;
				GCC_OPTIMIZATION_LEVEL = 0;
				GCC_PREPROCESSOR_DEFINITIONS = (
					"DEBUG=1",
					"$(inherited)",
				);
				GCC_WARN_64_TO_32_BIT_CONVERSION = YES;
				GCC_WARN_ABOUT_RETURN_TYPE = YES_ERROR;
				GCC_WARN_UNDECLARED_SELECTOR = YES;
				GCC_WARN_UNINITIALIZED_AUTOS = YES_AGGRESSIVE;
				GCC_WARN_UNUSED_FUNCTION = YES;
				GCC_WARN_UNUSED_VARIABLE = YES;
				IPHONEOS_DEPLOYMENT_TARGET = 18.2;
				LOCALIZATION_PREFERS_STRING_CATALOGS = YES;
				MTL_ENABLE_DEBUG_INFO = INCLUDE_SOURCE;
				MTL_FAST_MATH = YES;
				ONLY_ACTIVE_ARCH = YES;
				SDKROOT = iphoneos;
				SWIFT_ACTIVE_COMPILATION_CONDITIONS = "DEBUG $(inherited)";
				SWIFT_OPTIMIZATION_LEVEL = "-Onone";
			};
			name = Debug;
		};
		9963C9922D73D26E0015F833 /* Release */ = {
			isa = XCBuildConfiguration;
			buildSettings = {
				ALWAYS_SEARCH_USER_PATHS = NO;
				ASSETCATALOG_COMPILER_GENERATE_SWIFT_ASSET_SYMBOL_EXTENSIONS = YES;
				CLANG_ANALYZER_NONNULL = YES;
				CLANG_ANALYZER_NUMBER_OBJECT_CONVERSION = YES_AGGRESSIVE;
				CLANG_CXX_LANGUAGE_STANDARD = "gnu++20";
				CLANG_ENABLE_MODULES = YES;
				CLANG_ENABLE_OBJC_ARC = YES;
				CLANG_ENABLE_OBJC_WEAK = YES;
				CLANG_WARN_BLOCK_CAPTURE_AUTORELEASING = YES;
				CLANG_WARN_BOOL_CONVERSION = YES;
				CLANG_WARN_COMMA = YES;
				CLANG_WARN_CONSTANT_CONVERSION = YES;
				CLANG_WARN_DEPRECATED_OBJC_IMPLEMENTATIONS = YES;
				CLANG_WARN_DIRECT_OBJC_ISA_USAGE = YES_ERROR;
				CLANG_WARN_DOCUMENTATION_COMMENTS = YES;
				CLANG_WARN_EMPTY_BODY = YES;
				CLANG_WARN_ENUM_CONVERSION = YES;
				CLANG_WARN_INFINITE_RECURSION = YES;
				CLANG_WARN_INT_CONVERSION = YES;
				CLANG_WARN_NON_LITERAL_NULL_CONVERSION = YES;
				CLANG_WARN_OBJC_IMPLICIT_RETAIN_SELF = YES;
				CLANG_WARN_OBJC_LITERAL_CONVERSION = YES;
				CLANG_WARN_OBJC_ROOT_CLASS = YES_ERROR;
				CLANG_WARN_QUOTED_INCLUDE_IN_FRAMEWORK_HEADER = YES;
				CLANG_WARN_RANGE_LOOP_ANALYSIS = YES;
				CLANG_WARN_STRICT_PROTOTYPES = YES;
				CLANG_WARN_SUSPICIOUS_MOVE = YES;
				CLANG_WARN_UNGUARDED_AVAILABILITY = YES_AGGRESSIVE;
				CLANG_WARN_UNREACHABLE_CODE = YES;
				CLANG_WARN__DUPLICATE_METHOD_MATCH = YES;
				COPY_PHASE_STRIP = NO;
				DEBUG_INFORMATION_FORMAT = "dwarf-with-dsym";
				ENABLE_NS_ASSERTIONS = NO;
				ENABLE_STRICT_OBJC_MSGSEND = YES;
				ENABLE_USER_SCRIPT_SANDBOXING = YES;
				GCC_C_LANGUAGE_STANDARD = gnu17;
				GCC_NO_COMMON_BLOCKS = YES;
				GCC_WARN_64_TO_32_BIT_CONVERSION = YES;
				GCC_WARN_ABOUT_RETURN_TYPE = YES_ERROR;
				GCC_WARN_UNDECLARED_SELECTOR = YES;
				GCC_WARN_UNINITIALIZED_AUTOS = YES_AGGRESSIVE;
				GCC_WARN_UNUSED_FUNCTION = YES;
				GCC_WARN_UNUSED_VARIABLE = YES;
				IPHONEOS_DEPLOYMENT_TARGET = 18.2;
				LOCALIZATION_PREFERS_STRING_CATALOGS = YES;
				MTL_ENABLE_DEBUG_INFO = NO;
				MTL_FAST_MATH = YES;
				SDKROOT = iphoneos;
				SWIFT_COMPILATION_MODE = wholemodule;
				VALIDATE_PRODUCT = YES;
			};
			name = Release;
		};
		9963C9942D73D26E0015F833 /* Debug */ = {
			isa = XCBuildConfiguration;
			buildSettings = {
				ASSETCATALOG_COMPILER_APPICON_NAME = AppIcon;
				ASSETCATALOG_COMPILER_GLOBAL_ACCENT_COLOR_NAME = AccentColor;
				CODE_SIGN_STYLE = Automatic;
				CURRENT_PROJECT_VERSION = 1;
				GENERATE_INFOPLIST_FILE = YES;
				INFOPLIST_KEY_UIApplicationSupportsIndirectInputEvents = YES;
				INFOPLIST_KEY_UILaunchStoryboardName = LaunchScreen;
				INFOPLIST_KEY_UIMainStoryboardFile = Main;
				INFOPLIST_KEY_UIStatusBarHidden = YES;
				INFOPLIST_KEY_UISupportedInterfaceOrientations_iPad = "UIInterfaceOrientationPortrait UIInterfaceOrientationPortraitUpsideDown UIInterfaceOrientationLandscapeLeft UIInterfaceOrientationLandscapeRight";
				INFOPLIST_KEY_UISupportedInterfaceOrientations_iPhone = "UIInterfaceOrientationPortrait UIInterfaceOrientationLandscapeLeft UIInterfaceOrientationLandscapeRight";
				IPHONEOS_DEPLOYMENT_TARGET = 18.0;
				LD_RUNPATH_SEARCH_PATHS = (
					"$(inherited)",
					"@executable_path/Frameworks",
				);
				MARKETING_VERSION = 1.0;
				PRODUCT_BUNDLE_IDENTIFIER = COSC435.DecagonsTower;
				PRODUCT_NAME = "$(TARGET_NAME)";
				SWIFT_EMIT_LOC_STRINGS = YES;
				SWIFT_VERSION = 5.0;
				TARGETED_DEVICE_FAMILY = "1,2";
			};
			name = Debug;
		};
		9963C9952D73D26E0015F833 /* Release */ = {
			isa = XCBuildConfiguration;
			buildSettings = {
				ASSETCATALOG_COMPILER_APPICON_NAME = AppIcon;
				ASSETCATALOG_COMPILER_GLOBAL_ACCENT_COLOR_NAME = AccentColor;
				CODE_SIGN_STYLE = Automatic;
				CURRENT_PROJECT_VERSION = 1;
				GENERATE_INFOPLIST_FILE = YES;
				INFOPLIST_KEY_UIApplicationSupportsIndirectInputEvents = YES;
				INFOPLIST_KEY_UILaunchStoryboardName = LaunchScreen;
				INFOPLIST_KEY_UIMainStoryboardFile = Main;
				INFOPLIST_KEY_UIStatusBarHidden = YES;
				INFOPLIST_KEY_UISupportedInterfaceOrientations_iPad = "UIInterfaceOrientationPortrait UIInterfaceOrientationPortraitUpsideDown UIInterfaceOrientationLandscapeLeft UIInterfaceOrientationLandscapeRight";
				INFOPLIST_KEY_UISupportedInterfaceOrientations_iPhone = "UIInterfaceOrientationPortrait UIInterfaceOrientationLandscapeLeft UIInterfaceOrientationLandscapeRight";
				IPHONEOS_DEPLOYMENT_TARGET = 18.0;
				LD_RUNPATH_SEARCH_PATHS = (
					"$(inherited)",
					"@executable_path/Frameworks",
				);
				MARKETING_VERSION = 1.0;
				PRODUCT_BUNDLE_IDENTIFIER = COSC435.DecagonsTower;
				PRODUCT_NAME = "$(TARGET_NAME)";
				SWIFT_EMIT_LOC_STRINGS = YES;
				SWIFT_VERSION = 5.0;
				TARGETED_DEVICE_FAMILY = "1,2";
			};
			name = Release;
		};
		9963C9972D73D26E0015F833 /* Debug */ = {
			isa = XCBuildConfiguration;
			buildSettings = {
				BUNDLE_LOADER = "$(TEST_HOST)";
				CODE_SIGN_STYLE = Automatic;
				CURRENT_PROJECT_VERSION = 1;
				GENERATE_INFOPLIST_FILE = YES;
				IPHONEOS_DEPLOYMENT_TARGET = 18.2;
				MARKETING_VERSION = 1.0;
				PRODUCT_BUNDLE_IDENTIFIER = COSC435.DecagonsTowerTests;
				PRODUCT_NAME = "$(TARGET_NAME)";
				SWIFT_EMIT_LOC_STRINGS = NO;
				SWIFT_VERSION = 5.0;
				TARGETED_DEVICE_FAMILY = "1,2";
				TEST_HOST = "$(BUILT_PRODUCTS_DIR)/DecagonsTower.app/$(BUNDLE_EXECUTABLE_FOLDER_PATH)/DecagonsTower";
			};
			name = Debug;
		};
		9963C9982D73D26E0015F833 /* Release */ = {
			isa = XCBuildConfiguration;
			buildSettings = {
				BUNDLE_LOADER = "$(TEST_HOST)";
				CODE_SIGN_STYLE = Automatic;
				CURRENT_PROJECT_VERSION = 1;
				GENERATE_INFOPLIST_FILE = YES;
				IPHONEOS_DEPLOYMENT_TARGET = 18.2;
				MARKETING_VERSION = 1.0;
				PRODUCT_BUNDLE_IDENTIFIER = COSC435.DecagonsTowerTests;
				PRODUCT_NAME = "$(TARGET_NAME)";
				SWIFT_EMIT_LOC_STRINGS = NO;
				SWIFT_VERSION = 5.0;
				TARGETED_DEVICE_FAMILY = "1,2";
				TEST_HOST = "$(BUILT_PRODUCTS_DIR)/DecagonsTower.app/$(BUNDLE_EXECUTABLE_FOLDER_PATH)/DecagonsTower";
			};
			name = Release;
		};
		9963C99A2D73D26E0015F833 /* Debug */ = {
			isa = XCBuildConfiguration;
			buildSettings = {
				CODE_SIGN_STYLE = Automatic;
				CURRENT_PROJECT_VERSION = 1;
				GENERATE_INFOPLIST_FILE = YES;
				MARKETING_VERSION = 1.0;
				PRODUCT_BUNDLE_IDENTIFIER = COSC435.DecagonsTowerUITests;
				PRODUCT_NAME = "$(TARGET_NAME)";
				SWIFT_EMIT_LOC_STRINGS = NO;
				SWIFT_VERSION = 5.0;
				TARGETED_DEVICE_FAMILY = "1,2";
				TEST_TARGET_NAME = DecagonsTower;
			};
			name = Debug;
		};
		9963C99B2D73D26E0015F833 /* Release */ = {
			isa = XCBuildConfiguration;
			buildSettings = {
				CODE_SIGN_STYLE = Automatic;
				CURRENT_PROJECT_VERSION = 1;
				GENERATE_INFOPLIST_FILE = YES;
				MARKETING_VERSION = 1.0;
				PRODUCT_BUNDLE_IDENTIFIER = COSC435.DecagonsTowerUITests;
				PRODUCT_NAME = "$(TARGET_NAME)";
				SWIFT_EMIT_LOC_STRINGS = NO;
				SWIFT_VERSION = 5.0;
				TARGETED_DEVICE_FAMILY = "1,2";
				TEST_TARGET_NAME = DecagonsTower;
			};
			name = Release;
		};
/* End XCBuildConfiguration section */

/* Begin XCConfigurationList section */
		9963C9612D73D26D0015F833 /* Build configuration list for PBXProject "DecagonsTower" */ = {
			isa = XCConfigurationList;
			buildConfigurations = (
				9963C9912D73D26E0015F833 /* Debug */,
				9963C9922D73D26E0015F833 /* Release */,
			);
			defaultConfigurationIsVisible = 0;
			defaultConfigurationName = Release;
		};
		9963C9932D73D26E0015F833 /* Build configuration list for PBXNativeTarget "DecagonsTower" */ = {
			isa = XCConfigurationList;
			buildConfigurations = (
				9963C9942D73D26E0015F833 /* Debug */,
				9963C9952D73D26E0015F833 /* Release */,
			);
			defaultConfigurationIsVisible = 0;
			defaultConfigurationName = Release;
		};
		9963C9962D73D26E0015F833 /* Build configuration list for PBXNativeTarget "DecagonsTowerTests" */ = {
			isa = XCConfigurationList;
			buildConfigurations = (
				9963C9972D73D26E0015F833 /* Debug */,
				9963C9982D73D26E0015F833 /* Release */,
			);
			defaultConfigurationIsVisible = 0;
			defaultConfigurationName = Release;
		};
		9963C9992D73D26E0015F833 /* Build configuration list for PBXNativeTarget "DecagonsTowerUITests" */ = {
			isa = XCConfigurationList;
			buildConfigurations = (
				9963C99A2D73D26E0015F833 /* Debug */,
				9963C99B2D73D26E0015F833 /* Release */,
			);
			defaultConfigurationIsVisible = 0;
			defaultConfigurationName = Release;
		};
/* End XCConfigurationList section */

/* Begin XCRemoteSwiftPackageReference section */
		2EB4D94E2DB7EDE7000A8FCF /* XCRemoteSwiftPackageReference "firebase-ios-sdk" */ = {
			isa = XCRemoteSwiftPackageReference;
			repositoryURL = "https://github.com/firebase/firebase-ios-sdk";
			requirement = {
				kind = upToNextMajorVersion;
				minimumVersion = 11.12.0;
			};
		};
/* End XCRemoteSwiftPackageReference section */

/* Begin XCSwiftPackageProductDependency section */
		2EB4D94F2DB7EDE7000A8FCF /* FirebaseAuth */ = {
			isa = XCSwiftPackageProductDependency;
			package = 2EB4D94E2DB7EDE7000A8FCF /* XCRemoteSwiftPackageReference "firebase-ios-sdk" */;
			productName = FirebaseAuth;
		};
		2EB4D9512DB7EDE7000A8FCF /* FirebaseCore */ = {
			isa = XCSwiftPackageProductDependency;
			package = 2EB4D94E2DB7EDE7000A8FCF /* XCRemoteSwiftPackageReference "firebase-ios-sdk" */;
			productName = FirebaseCore;
		};
		2EB4D9532DB7EDE7000A8FCF /* FirebaseDatabase */ = {
			isa = XCSwiftPackageProductDependency;
			package = 2EB4D94E2DB7EDE7000A8FCF /* XCRemoteSwiftPackageReference "firebase-ios-sdk" */;
			productName = FirebaseDatabase;
		};
		2EB4D9552DB7EDE7000A8FCF /* FirebaseFirestore */ = {
			isa = XCSwiftPackageProductDependency;
			package = 2EB4D94E2DB7EDE7000A8FCF /* XCRemoteSwiftPackageReference "firebase-ios-sdk" */;
			productName = FirebaseFirestore;
		};
/* End XCSwiftPackageProductDependency section */
	};
	rootObject = 9963C95E2D73D26D0015F833 /* Project object */;
}
